
Microsoft Visual Studio Solution File, Format Version 12.00
# Visual Studio Version 17
VisualStudioVersion = 17.8.34316.72
MinimumVisualStudioVersion = 10.0.40219.1
Project("{2150E333-8FDC-42A3-9474-1A3956D46DE8}") = "src", "src", "{979D523A-BBBF-43F8-9D1D-578D1C345714}"
EndProject
Project("{2150E333-8FDC-42A3-9474-1A3956D46DE8}") = "Services", "Services", "{0A37D3B6-228F-42EC-A4FD-8305325CD647}"
EndProject
Project("{2150E333-8FDC-42A3-9474-1A3956D46DE8}") = "Product", "Product", "{5EFA0ACE-F494-4C82-9240-B1ABC11B8B01}"
EndProject
Project("{FAE04EC0-301F-11D3-BF4B-00C04F79EFBC}") = "Product.API", "src\Services\Product\Product.API\Product.API.csproj", "{83B1AA92-EC84-4A55-8058-E4CE23E79309}"
EndProject
Project("{FAE04EC0-301F-11D3-BF4B-00C04F79EFBC}") = "Product.Domain", "src\Services\Product\Product.Domain\Product.Domain.csproj", "{5D173055-639C-4859-BAC3-8BABEEE43F21}"
EndProject
Project("{FAE04EC0-301F-11D3-BF4B-00C04F79EFBC}") = "Product.Application", "src\Services\Product\Product.Application\Product.Application.csproj", "{5F39508C-6A30-41B5-8EF4-3EBBF36D091A}"
EndProject
Project("{FAE04EC0-301F-11D3-BF4B-00C04F79EFBC}") = "Product.Infrastructure", "src\Services\Product\Product.Infrastructure\Product.Infrastructure.csproj", "{8B5A2D0C-C744-4CC6-9BE1-44ECC4E03259}"
EndProject
Project("{E53339B2-1760-4266-BCC7-CA923CBCF16C}") = "docker-compose", "docker-compose.dcproj", "{A2FA1036-D3A6-478A-8A1D-DFD4859A928E}"
EndProject
Global
	GlobalSection(SolutionConfigurationPlatforms) = preSolution
		Debug|Any CPU = Debug|Any CPU
		Release|Any CPU = Release|Any CPU
	EndGlobalSection
	GlobalSection(ProjectConfigurationPlatforms) = postSolution
		{83B1AA92-EC84-4A55-8058-E4CE23E79309}.Debug|Any CPU.ActiveCfg = Debug|Any CPU
		{83B1AA92-EC84-4A55-8058-E4CE23E79309}.Debug|Any CPU.Build.0 = Debug|Any CPU
		{83B1AA92-EC84-4A55-8058-E4CE23E79309}.Release|Any CPU.ActiveCfg = Release|Any CPU
		{83B1AA92-EC84-4A55-8058-E4CE23E79309}.Release|Any CPU.Build.0 = Release|Any CPU
		{5D173055-639C-4859-BAC3-8BABEEE43F21}.Debug|Any CPU.ActiveCfg = Debug|Any CPU
		{5D173055-639C-4859-BAC3-8BABEEE43F21}.Debug|Any CPU.Build.0 = Debug|Any CPU
		{5D173055-639C-4859-BAC3-8BABEEE43F21}.Release|Any CPU.ActiveCfg = Release|Any CPU
		{5D173055-639C-4859-BAC3-8BABEEE43F21}.Release|Any CPU.Build.0 = Release|Any CPU
		{5F39508C-6A30-41B5-8EF4-3EBBF36D091A}.Debug|Any CPU.ActiveCfg = Debug|Any CPU
		{5F39508C-6A30-41B5-8EF4-3EBBF36D091A}.Debug|Any CPU.Build.0 = Debug|Any CPU
		{5F39508C-6A30-41B5-8EF4-3EBBF36D091A}.Release|Any CPU.ActiveCfg = Release|Any CPU
		{5F39508C-6A30-41B5-8EF4-3EBBF36D091A}.Release|Any CPU.Build.0 = Release|Any CPU
		{8B5A2D0C-C744-4CC6-9BE1-44ECC4E03259}.Debug|Any CPU.ActiveCfg = Debug|Any CPU
		{8B5A2D0C-C744-4CC6-9BE1-44ECC4E03259}.Debug|Any CPU.Build.0 = Debug|Any CPU
		{8B5A2D0C-C744-4CC6-9BE1-44ECC4E03259}.Release|Any CPU.ActiveCfg = Release|Any CPU
		{8B5A2D0C-C744-4CC6-9BE1-44ECC4E03259}.Release|Any CPU.Build.0 = Release|Any CPU
		{A2FA1036-D3A6-478A-8A1D-DFD4859A928E}.Debug|Any CPU.ActiveCfg = Debug|Any CPU
		{A2FA1036-D3A6-478A-8A1D-DFD4859A928E}.Debug|Any CPU.Build.0 = Debug|Any CPU
		{A2FA1036-D3A6-478A-8A1D-DFD4859A928E}.Release|Any CPU.ActiveCfg = Release|Any CPU
		{A2FA1036-D3A6-478A-8A1D-DFD4859A928E}.Release|Any CPU.Build.0 = Release|Any CPU
	EndGlobalSection
	GlobalSection(SolutionProperties) = preSolution
		HideSolutionNode = FALSE
	EndGlobalSection
	GlobalSection(NestedProjects) = preSolution
		{0A37D3B6-228F-42EC-A4FD-8305325CD647} = {979D523A-BBBF-43F8-9D1D-578D1C345714}
		{5EFA0ACE-F494-4C82-9240-B1ABC11B8B01} = {0A37D3B6-228F-42EC-A4FD-8305325CD647}
		{83B1AA92-EC84-4A55-8058-E4CE23E79309} = {5EFA0ACE-F494-4C82-9240-B1ABC11B8B01}
		{5D173055-639C-4859-BAC3-8BABEEE43F21} = {5EFA0ACE-F494-4C82-9240-B1ABC11B8B01}
		{5F39508C-6A30-41B5-8EF4-3EBBF36D091A} = {5EFA0ACE-F494-4C82-9240-B1ABC11B8B01}
		{8B5A2D0C-C744-4CC6-9BE1-44ECC4E03259} = {5EFA0ACE-F494-4C82-9240-B1ABC11B8B01}
	EndGlobalSection
	GlobalSection(ExtensibilityGlobals) = postSolution
		SolutionGuid = {7875E179-383F-4F73-82F2-0328E79B54B7}
	EndGlobalSection
EndGlobal
